{
  "object": {
    "pins": [
      {
        "package": "Alamofire",
        "repositoryURL": "https://github.com/DuongTH-NiceTube/Alamofire.git",
        "state": {
          "branch": null,
          "revision": "044d9c5f5d12385e6a57954ec4a8eef2a942655f",
          "version": "5.9.2"
        }
      }
    ]
  },
  "version": 1
}
